
Microsoft Visual Studio Solution File, Format Version 12.00
Project("{FAE04EC0-301F-11D3-BF4B-00C04F79EFBC}") = "WordCharCounter", "WordCharCounter\WordCharCounter.csproj", "{912065AD-F938-417E-87E6-3857AD314E86}"
EndProject
Global
	GlobalSection(SolutionConfigurationPlatforms) = preSolution
		Debug|Any CPU = Debug|Any CPU
		Release|Any CPU = Release|Any CPU
	EndGlobalSection
	GlobalSection(ProjectConfigurationPlatforms) = postSolution
		{912065AD-F938-417E-87E6-3857AD314E86}.Debug|Any CPU.ActiveCfg = Debug|Any CPU
		{912065AD-F938-417E-87E6-3857AD314E86}.Debug|Any CPU.Build.0 = Debug|Any CPU
		{912065AD-F938-417E-87E6-3857AD314E86}.Release|Any CPU.ActiveCfg = Release|Any CPU
		{912065AD-F938-417E-87E6-3857AD314E86}.Release|Any CPU.Build.0 = Release|Any CPU
	EndGlobalSection
EndGlobal
